
Microsoft Visual Studio Solution File, Format Version 12.00
# Visual Studio Version 17
VisualStudioVersion = 17.5.33414.496
MinimumVisualStudioVersion = 10.0.40219.1
Project("{FAE04EC0-301F-11D3-BF4B-00C04F79EFBC}") = "BEComicWeb", "BEComicWeb\BEComicWeb.csproj", "{0084FDB4-169F-4E7F-8329-11878CAA5FB2}"
EndProject
Global
	GlobalSection(SolutionConfigurationPlatforms) = preSolution
		Debug|Any CPU = Debug|Any CPU
		Release|Any CPU = Release|Any CPU
	EndGlobalSection
	GlobalSection(ProjectConfigurationPlatforms) = postSolution
		{0084FDB4-169F-4E7F-8329-11878CAA5FB2}.Debug|Any CPU.ActiveCfg = Debug|Any CPU
		{0084FDB4-169F-4E7F-8329-11878CAA5FB2}.Debug|Any CPU.Build.0 = Debug|Any CPU
		{0084FDB4-169F-4E7F-8329-11878CAA5FB2}.Release|Any CPU.ActiveCfg = Release|Any CPU
		{0084FDB4-169F-4E7F-8329-11878CAA5FB2}.Release|Any CPU.Build.0 = Release|Any CPU
	EndGlobalSection
	GlobalSection(SolutionProperties) = preSolution
		HideSolutionNode = FALSE
	EndGlobalSection
	GlobalSection(ExtensibilityGlobals) = postSolution
		SolutionGuid = {6C87852D-FD79-46A4-95E0-4AB5C641A3C6}
	EndGlobalSection
EndGlobal
